// !$*UTF8*$!
{
	archiveVersion = 1;
	classes = {
	};
	objectVersion = 51;
	objects = {

/* Begin PBXBuildFile section */
		5E402B073649C7693FD4A42E /* Pods_GymMate.framework in Frameworks */ = {isa = PBXBuildFile; fileRef = 56EAEF71EC0B58801FE121E1 /* Pods_GymMate.framework */; };
		91471BA92638FD5D00392896 /* StorageService.swift in Sources */ = {isa = PBXBuildFile; fileRef = 91471BA82638FD5D00392896 /* StorageService.swift */; };
		91471BAC2639018400392896 /* Ref.swift in Sources */ = {isa = PBXBuildFile; fileRef = 91471BAB2639018400392896 /* Ref.swift */; };
		917DD91226291AC2006E4B03 /* AppDelegate.swift in Sources */ = {isa = PBXBuildFile; fileRef = 917DD91126291AC2006E4B03 /* AppDelegate.swift */; };
		917DD91426291AC2006E4B03 /* SceneDelegate.swift in Sources */ = {isa = PBXBuildFile; fileRef = 917DD91326291AC2006E4B03 /* SceneDelegate.swift */; };
		917DD91626291AC2006E4B03 /* ViewController.swift in Sources */ = {isa = PBXBuildFile; fileRef = 917DD91526291AC2006E4B03 /* ViewController.swift */; };
		917DD91B26291AC3006E4B03 /* Assets.xcassets in Resources */ = {isa = PBXBuildFile; fileRef = 917DD91A26291AC3006E4B03 /* Assets.xcassets */; };
		917DD91E26291AC3006E4B03 /* LaunchScreen.storyboard in Resources */ = {isa = PBXBuildFile; fileRef = 917DD91C26291AC3006E4B03 /* LaunchScreen.storyboard */; };
		917DD92826291D60006E4B03 /* Welcome.storyboard in Resources */ = {isa = PBXBuildFile; fileRef = 917DD92726291D60006E4B03 /* Welcome.storyboard */; };
		918D1CF32635BB8300C6B319 /* ViewController+UI.swift in Sources */ = {isa = PBXBuildFile; fileRef = 918D1CF22635BB8300C6B319 /* ViewController+UI.swift */; };
		918D1CF62635C98B00C6B319 /* SignUpViewController.swift in Sources */ = {isa = PBXBuildFile; fileRef = 918D1CF52635C98B00C6B319 /* SignUpViewController.swift */; };
		918D1CF92635CBF400C6B319 /* SignUpViewController+UI.swift in Sources */ = {isa = PBXBuildFile; fileRef = 918D1CF82635CBF400C6B319 /* SignUpViewController+UI.swift */; };
		918D1CFD2635D57E00C6B319 /* SignInViewController.swift in Sources */ = {isa = PBXBuildFile; fileRef = 918D1CFC2635D57E00C6B319 /* SignInViewController.swift */; };
		918D1D002635D6B900C6B319 /* SignInViewController+UI.swift in Sources */ = {isa = PBXBuildFile; fileRef = 918D1CFF2635D6B900C6B319 /* SignInViewController+UI.swift */; };
		918D1D032635DC6500C6B319 /* ForgotPasswordViewController.swift in Sources */ = {isa = PBXBuildFile; fileRef = 918D1D022635DC6500C6B319 /* ForgotPasswordViewController.swift */; };
		918D1D062635DCB400C6B319 /* ForgotPasswordViewController+UI.swift in Sources */ = {isa = PBXBuildFile; fileRef = 918D1D052635DCB400C6B319 /* ForgotPasswordViewController+UI.swift */; };
		918D1D092635EB6B00C6B319 /* GoogleService-Info.plist in Resources */ = {isa = PBXBuildFile; fileRef = 918D1D082635EB6B00C6B319 /* GoogleService-Info.plist */; };
		918D1D4026360D8300C6B319 /* Api.swift in Sources */ = {isa = PBXBuildFile; fileRef = 918D1D3F26360D8300C6B319 /* Api.swift */; };
		918D1D4326360DC200C6B319 /* UserApi.swift in Sources */ = {isa = PBXBuildFile; fileRef = 918D1D4226360DC200C6B319 /* UserApi.swift */; };
/* End PBXBuildFile section */

/* Begin PBXFileReference section */
		099B1652CCD85D7A68D91F16 /* Pods-GymMate.release.xcconfig */ = {isa = PBXFileReference; includeInIndex = 1; lastKnownFileType = text.xcconfig; name = "Pods-GymMate.release.xcconfig"; path = "Target Support Files/Pods-GymMate/Pods-GymMate.release.xcconfig"; sourceTree = "<group>"; };
		17AFCDC13C5903FB30D1631E /* Pods-GymMate.debug.xcconfig */ = {isa = PBXFileReference; includeInIndex = 1; lastKnownFileType = text.xcconfig; name = "Pods-GymMate.debug.xcconfig"; path = "Target Support Files/Pods-GymMate/Pods-GymMate.debug.xcconfig"; sourceTree = "<group>"; };
		56EAEF71EC0B58801FE121E1 /* Pods_GymMate.framework */ = {isa = PBXFileReference; explicitFileType = wrapper.framework; includeInIndex = 0; path = Pods_GymMate.framework; sourceTree = BUILT_PRODUCTS_DIR; };
		91471BA82638FD5D00392896 /* StorageService.swift */ = {isa = PBXFileReference; lastKnownFileType = sourcecode.swift; path = StorageService.swift; sourceTree = "<group>"; };
		91471BAB2639018400392896 /* Ref.swift */ = {isa = PBXFileReference; lastKnownFileType = sourcecode.swift; path = Ref.swift; sourceTree = "<group>"; };
		917DD90E26291AC2006E4B03 /* GymMate.app */ = {isa = PBXFileReference; explicitFileType = wrapper.application; includeInIndex = 0; path = GymMate.app; sourceTree = BUILT_PRODUCTS_DIR; };
		917DD91126291AC2006E4B03 /* AppDelegate.swift */ = {isa = PBXFileReference; lastKnownFileType = sourcecode.swift; path = AppDelegate.swift; sourceTree = "<group>"; };
		917DD91326291AC2006E4B03 /* SceneDelegate.swift */ = {isa = PBXFileReference; lastKnownFileType = sourcecode.swift; path = SceneDelegate.swift; sourceTree = "<group>"; };
		917DD91526291AC2006E4B03 /* ViewController.swift */ = {isa = PBXFileReference; lastKnownFileType = sourcecode.swift; path = ViewController.swift; sourceTree = "<group>"; };
		917DD91A26291AC3006E4B03 /* Assets.xcassets */ = {isa = PBXFileReference; lastKnownFileType = folder.assetcatalog; path = Assets.xcassets; sourceTree = "<group>"; };
		917DD91D26291AC3006E4B03 /* Base */ = {isa = PBXFileReference; lastKnownFileType = file.storyboard; name = Base; path = Base.lproj/LaunchScreen.storyboard; sourceTree = "<group>"; };
		917DD91F26291AC4006E4B03 /* Info.plist */ = {isa = PBXFileReference; lastKnownFileType = text.plist.xml; path = Info.plist; sourceTree = "<group>"; };
		917DD92726291D60006E4B03 /* Welcome.storyboard */ = {isa = PBXFileReference; lastKnownFileType = file.storyboard; path = Welcome.storyboard; sourceTree = "<group>"; };
		918D1CF22635BB8300C6B319 /* ViewController+UI.swift */ = {isa = PBXFileReference; fileEncoding = 4; lastKnownFileType = sourcecode.swift; path = "ViewController+UI.swift"; sourceTree = "<group>"; };
		918D1CF52635C98B00C6B319 /* SignUpViewController.swift */ = {isa = PBXFileReference; fileEncoding = 4; lastKnownFileType = sourcecode.swift; path = SignUpViewController.swift; sourceTree = "<group>"; };
		918D1CF82635CBF400C6B319 /* SignUpViewController+UI.swift */ = {isa = PBXFileReference; lastKnownFileType = sourcecode.swift; path = "SignUpViewController+UI.swift"; sourceTree = "<group>"; };
		918D1CFC2635D57E00C6B319 /* SignInViewController.swift */ = {isa = PBXFileReference; lastKnownFileType = sourcecode.swift; path = SignInViewController.swift; sourceTree = "<group>"; };
		918D1CFF2635D6B900C6B319 /* SignInViewController+UI.swift */ = {isa = PBXFileReference; lastKnownFileType = sourcecode.swift; path = "SignInViewController+UI.swift"; sourceTree = "<group>"; };
		918D1D022635DC6500C6B319 /* ForgotPasswordViewController.swift */ = {isa = PBXFileReference; lastKnownFileType = sourcecode.swift; path = ForgotPasswordViewController.swift; sourceTree = "<group>"; };
		918D1D052635DCB400C6B319 /* ForgotPasswordViewController+UI.swift */ = {isa = PBXFileReference; lastKnownFileType = sourcecode.swift; path = "ForgotPasswordViewController+UI.swift"; sourceTree = "<group>"; };
		918D1D082635EB6B00C6B319 /* GoogleService-Info.plist */ = {isa = PBXFileReference; fileEncoding = 4; lastKnownFileType = text.plist.xml; path = "GoogleService-Info.plist"; sourceTree = "<group>"; };
		918D1D3F26360D8300C6B319 /* Api.swift */ = {isa = PBXFileReference; lastKnownFileType = sourcecode.swift; path = Api.swift; sourceTree = "<group>"; };
		918D1D4226360DC200C6B319 /* UserApi.swift */ = {isa = PBXFileReference; lastKnownFileType = sourcecode.swift; path = UserApi.swift; sourceTree = "<group>"; };
/* End PBXFileReference section */

/* Begin PBXFrameworksBuildPhase section */
		917DD90B26291AC2006E4B03 /* Frameworks */ = {
			isa = PBXFrameworksBuildPhase;
			buildActionMask = 2147483647;
			files = (
				5E402B073649C7693FD4A42E /* Pods_GymMate.framework in Frameworks */,
			);
			runOnlyForDeploymentPostprocessing = 0;
		};
/* End PBXFrameworksBuildPhase section */

/* Begin PBXGroup section */
		6D5F1E74F17A4A68FF5752B5 /* Frameworks */ = {
			isa = PBXGroup;
			children = (
				56EAEF71EC0B58801FE121E1 /* Pods_GymMate.framework */,
			);
			name = Frameworks;
			sourceTree = "<group>";
		};
		917DD90526291AC2006E4B03 = {
			isa = PBXGroup;
			children = (
				917DD91026291AC2006E4B03 /* GymMate */,
				917DD90F26291AC2006E4B03 /* Products */,
				F0B462CA2B3DF1795E9C5298 /* Pods */,
				6D5F1E74F17A4A68FF5752B5 /* Frameworks */,
			);
			sourceTree = "<group>";
		};
		917DD90F26291AC2006E4B03 /* Products */ = {
			isa = PBXGroup;
			children = (
				917DD90E26291AC2006E4B03 /* GymMate.app */,
			);
			name = Products;
			sourceTree = "<group>";
		};
		917DD91026291AC2006E4B03 /* GymMate */ = {
			isa = PBXGroup;
			children = (
				917DD91A26291AC3006E4B03 /* Assets.xcassets */,
				917DD91F26291AC4006E4B03 /* Info.plist */,
				917DD91126291AC2006E4B03 /* AppDelegate.swift */,
				917DD91C26291AC3006E4B03 /* LaunchScreen.storyboard */,
				917DD92726291D60006E4B03 /* Welcome.storyboard */,
				918D1D082635EB6B00C6B319 /* GoogleService-Info.plist */,
				917DD91326291AC2006E4B03 /* SceneDelegate.swift */,
				91471BA82638FD5D00392896 /* StorageService.swift */,
				918D1CF22635BB8300C6B319 /* ViewController+UI.swift */,
				917DD91526291AC2006E4B03 /* ViewController.swift */,
				918D1CF52635C98B00C6B319 /* SignUpViewController.swift */,
				918D1CF82635CBF400C6B319 /* SignUpViewController+UI.swift */,
				918D1CFC2635D57E00C6B319 /* SignInViewController.swift */,
				918D1CFF2635D6B900C6B319 /* SignInViewController+UI.swift */,
				918D1D022635DC6500C6B319 /* ForgotPasswordViewController.swift */,
				918D1D052635DCB400C6B319 /* ForgotPasswordViewController+UI.swift */,
				918D1D3F26360D8300C6B319 /* Api.swift */,
				918D1D4226360DC200C6B319 /* UserApi.swift */,
				91471BAB2639018400392896 /* Ref.swift */,
			);
			path = GymMate;
			sourceTree = "<group>";
		};
		F0B462CA2B3DF1795E9C5298 /* Pods */ = {
			isa = PBXGroup;
			children = (
				17AFCDC13C5903FB30D1631E /* Pods-GymMate.debug.xcconfig */,
				099B1652CCD85D7A68D91F16 /* Pods-GymMate.release.xcconfig */,
			);
			path = Pods;
			sourceTree = "<group>";
		};
/* End PBXGroup section */

/* Begin PBXNativeTarget section */
		917DD90D26291AC2006E4B03 /* GymMate */ = {
			isa = PBXNativeTarget;
			buildConfigurationList = 917DD92226291AC4006E4B03 /* Build configuration list for PBXNativeTarget "GymMate" */;
			buildPhases = (
				CA3EEEB10F85849FD7D93E1C /* [CP] Check Pods Manifest.lock */,
				917DD90A26291AC2006E4B03 /* Sources */,
				917DD90B26291AC2006E4B03 /* Frameworks */,
				917DD90C26291AC2006E4B03 /* Resources */,
				1C64E5FA85F9D95A999B0C90 /* [CP] Embed Pods Frameworks */,
			);
			buildRules = (
			);
			dependencies = (
			);
			name = GymMate;
			productName = GymMate;
			productReference = 917DD90E26291AC2006E4B03 /* GymMate.app */;
			productType = "com.apple.product-type.application";
		};
/* End PBXNativeTarget section */

/* Begin PBXProject section */
		917DD90626291AC2006E4B03 /* Project object */ = {
			isa = PBXProject;
			attributes = {
				LastSwiftUpdateCheck = 1240;
				LastUpgradeCheck = 1240;
				TargetAttributes = {
					917DD90D26291AC2006E4B03 = {
						CreatedOnToolsVersion = 12.4;
					};
				};
			};
			buildConfigurationList = 917DD90926291AC2006E4B03 /* Build configuration list for PBXProject "GymMate" */;
			compatibilityVersion = "Xcode 9.3";
			developmentRegion = en;
			hasScannedForEncodings = 0;
			knownRegions = (
				en,
				Base,
			);
			mainGroup = 917DD90526291AC2006E4B03;
			productRefGroup = 917DD90F26291AC2006E4B03 /* Products */;
			projectDirPath = "";
			projectRoot = "";
			targets = (
				917DD90D26291AC2006E4B03 /* GymMate */,
			);
		};
/* End PBXProject section */

/* Begin PBXResourcesBuildPhase section */
		917DD90C26291AC2006E4B03 /* Resources */ = {
			isa = PBXResourcesBuildPhase;
			buildActionMask = 2147483647;
			files = (
				917DD91E26291AC3006E4B03 /* LaunchScreen.storyboard in Resources */,
				918D1D092635EB6B00C6B319 /* GoogleService-Info.plist in Resources */,
				917DD91B26291AC3006E4B03 /* Assets.xcassets in Resources */,
				917DD92826291D60006E4B03 /* Welcome.storyboard in Resources */,
			);
			runOnlyForDeploymentPostprocessing = 0;
		};
/* End PBXResourcesBuildPhase section */

/* Begin PBXShellScriptBuildPhase section */
		1C64E5FA85F9D95A999B0C90 /* [CP] Embed Pods Frameworks */ = {
			isa = PBXShellScriptBuildPhase;
			buildActionMask = 2147483647;
			files = (
			);
			inputFileListPaths = (
				"${PODS_ROOT}/Target Support Files/Pods-GymMate/Pods-GymMate-frameworks-${CONFIGURATION}-input-files.xcfilelist",
			);
			name = "[CP] Embed Pods Frameworks";
			outputFileListPaths = (
				"${PODS_ROOT}/Target Support Files/Pods-GymMate/Pods-GymMate-frameworks-${CONFIGURATION}-output-files.xcfilelist",
			);
			runOnlyForDeploymentPostprocessing = 0;
			shellPath = /bin/sh;
			shellScript = "\"${PODS_ROOT}/Target Support Files/Pods-GymMate/Pods-GymMate-frameworks.sh\"\n";
			showEnvVarsInLog = 0;
		};
		CA3EEEB10F85849FD7D93E1C /* [CP] Check Pods Manifest.lock */ = {
			isa = PBXShellScriptBuildPhase;
			buildActionMask = 2147483647;
			files = (
			);
			inputFileListPaths = (
			);
			inputPaths = (
				"${PODS_PODFILE_DIR_PATH}/Podfile.lock",
				"${PODS_ROOT}/Manifest.lock",
			);
			name = "[CP] Check Pods Manifest.lock";
			outputFileListPaths = (
			);
			outputPaths = (
				"$(DERIVED_FILE_DIR)/Pods-GymMate-checkManifestLockResult.txt",
			);
			runOnlyForDeploymentPostprocessing = 0;
			shellPath = /bin/sh;
			shellScript = "diff \"${PODS_PODFILE_DIR_PATH}/Podfile.lock\" \"${PODS_ROOT}/Manifest.lock\" > /dev/null\nif [ $? != 0 ] ; then\n    # print error to STDERR\n    echo \"error: The sandbox is not in sync with the Podfile.lock. Run 'pod install' or update your CocoaPods installation.\" >&2\n    exit 1\nfi\n# This output is used by Xcode 'outputs' to avoid re-running this script phase.\necho \"SUCCESS\" > \"${SCRIPT_OUTPUT_FILE_0}\"\n";
			showEnvVarsInLog = 0;
		};
/* End PBXShellScriptBuildPhase section */

/* Begin PBXSourcesBuildPhase section */
		917DD90A26291AC2006E4B03 /* Sources */ = {
			isa = PBXSourcesBuildPhase;
			buildActionMask = 2147483647;
			files = (
				918D1D002635D6B900C6B319 /* SignInViewController+UI.swift in Sources */,
				91471BAC2639018400392896 /* Ref.swift in Sources */,
				918D1CFD2635D57E00C6B319 /* SignInViewController.swift in Sources */,
				918D1CF92635CBF400C6B319 /* SignUpViewController+UI.swift in Sources */,
				917DD91626291AC2006E4B03 /* ViewController.swift in Sources */,
				918D1D062635DCB400C6B319 /* ForgotPasswordViewController+UI.swift in Sources */,
				918D1D4026360D8300C6B319 /* Api.swift in Sources */,
				917DD91226291AC2006E4B03 /* AppDelegate.swift in Sources */,
				91471BA92638FD5D00392896 /* StorageService.swift in Sources */,
				918D1D032635DC6500C6B319 /* ForgotPasswordViewController.swift in Sources */,
				918D1CF32635BB8300C6B319 /* ViewController+UI.swift in Sources */,
				918D1D4326360DC200C6B319 /* UserApi.swift in Sources */,
				917DD91426291AC2006E4B03 /* SceneDelegate.swift in Sources */,
				918D1CF62635C98B00C6B319 /* SignUpViewController.swift in Sources */,
			);
			runOnlyForDeploymentPostprocessing = 0;
		};
/* End PBXSourcesBuildPhase section */

/* Begin PBXVariantGroup section */
		917DD91C26291AC3006E4B03 /* LaunchScreen.storyboard */ = {
			isa = PBXVariantGroup;
			children = (
				917DD91D26291AC3006E4B03 /* Base */,
			);
			name = LaunchScreen.storyboard;
			sourceTree = "<group>";
		};
/* End PBXVariantGroup section */

/* Begin XCBuildConfiguration section */
		917DD92026291AC4006E4B03 /* Debug */ = {
			isa = XCBuildConfiguration;
			buildSettings = {
				ALWAYS_SEARCH_USER_PATHS = NO;
				CLANG_ANALYZER_NONNULL = YES;
				CLANG_ANALYZER_NUMBER_OBJECT_CONVERSION = YES_AGGRESSIVE;
				CLANG_CXX_LANGUAGE_STANDARD = "gnu++14";
				CLANG_CXX_LIBRARY = "libc++";
				CLANG_ENABLE_MODULES = YES;
				CLANG_ENABLE_OBJC_ARC = YES;
				CLANG_ENABLE_OBJC_WEAK = YES;
				CLANG_WARN_BLOCK_CAPTURE_AUTORELEASING = YES;
				CLANG_WARN_BOOL_CONVERSION = YES;
				CLANG_WARN_COMMA = YES;
				CLANG_WARN_CONSTANT_CONVERSION = YES;
				CLANG_WARN_DEPRECATED_OBJC_IMPLEMENTATIONS = YES;
				CLANG_WARN_DIRECT_OBJC_ISA_USAGE = YES_ERROR;
				CLANG_WARN_DOCUMENTATION_COMMENTS = YES;
				CLANG_WARN_EMPTY_BODY = YES;
				CLANG_WARN_ENUM_CONVERSION = YES;
				CLANG_WARN_INFINITE_RECURSION = YES;
				CLANG_WARN_INT_CONVERSION = YES;
				CLANG_WARN_NON_LITERAL_NULL_CONVERSION = YES;
				CLANG_WARN_OBJC_IMPLICIT_RETAIN_SELF = YES;
				CLANG_WARN_OBJC_LITERAL_CONVERSION = YES;
				CLANG_WARN_OBJC_ROOT_CLASS = YES_ERROR;
				CLANG_WARN_QUOTED_INCLUDE_IN_FRAMEWORK_HEADER = YES;
				CLANG_WARN_RANGE_LOOP_ANALYSIS = YES;
				CLANG_WARN_STRICT_PROTOTYPES = YES;
				CLANG_WARN_SUSPICIOUS_MOVE = YES;
				CLANG_WARN_UNGUARDED_AVAILABILITY = YES_AGGRESSIVE;
				CLANG_WARN_UNREACHABLE_CODE = YES;
				CLANG_WARN__DUPLICATE_METHOD_MATCH = YES;
				COPY_PHASE_STRIP = NO;
				DEBUG_INFORMATION_FORMAT = dwarf;
				ENABLE_STRICT_OBJC_MSGSEND = YES;
				ENABLE_TESTABILITY = YES;
				GCC_C_LANGUAGE_STANDARD = gnu11;
				GCC_DYNAMIC_NO_PIC = NO;
				GCC_NO_COMMON_BLOCKS = YES;
				GCC_OPTIMIZATION_LEVEL = 0;
				GCC_PREPROCESSOR_DEFINITIONS = (
					"DEBUG=1",
					"$(inherited)",
				);
				GCC_WARN_64_TO_32_BIT_CONVERSION = YES;
				GCC_WARN_ABOUT_RETURN_TYPE = YES_ERROR;
				GCC_WARN_UNDECLARED_SELECTOR = YES;
				GCC_WARN_UNINITIALIZED_AUTOS = YES_AGGRESSIVE;
				GCC_WARN_UNUSED_FUNCTION = YES;
				GCC_WARN_UNUSED_VARIABLE = YES;
				IPHONEOS_DEPLOYMENT_TARGET = 14.4;
				MTL_ENABLE_DEBUG_INFO = INCLUDE_SOURCE;
				MTL_FAST_MATH = YES;
				ONLY_ACTIVE_ARCH = YES;
				SDKROOT = iphoneos;
				SWIFT_ACTIVE_COMPILATION_CONDITIONS = DEBUG;
				SWIFT_OPTIMIZATION_LEVEL = "-Onone";
			};
			name = Debug;
		};
		917DD92126291AC4006E4B03 /* Release */ = {
			isa = XCBuildConfiguration;
			buildSettings = {
				ALWAYS_SEARCH_USER_PATHS = NO;
				CLANG_ANALYZER_NONNULL = YES;
				CLANG_ANALYZER_NUMBER_OBJECT_CONVERSION = YES_AGGRESSIVE;
				CLANG_CXX_LANGUAGE_STANDARD = "gnu++14";
				CLANG_CXX_LIBRARY = "libc++";
				CLANG_ENABLE_MODULES = YES;
				CLANG_ENABLE_OBJC_ARC = YES;
				CLANG_ENABLE_OBJC_WEAK = YES;
				CLANG_WARN_BLOCK_CAPTURE_AUTORELEASING = YES;
				CLANG_WARN_BOOL_CONVERSION = YES;
				CLANG_WARN_COMMA = YES;
				CLANG_WARN_CONSTANT_CONVERSION = YES;
				CLANG_WARN_DEPRECATED_OBJC_IMPLEMENTATIONS = YES;
				CLANG_WARN_DIRECT_OBJC_ISA_USAGE = YES_ERROR;
				CLANG_WARN_DOCUMENTATION_COMMENTS = YES;
				CLANG_WARN_EMPTY_BODY = YES;
				CLANG_WARN_ENUM_CONVERSION = YES;
				CLANG_WARN_INFINITE_RECURSION = YES;
				CLANG_WARN_INT_CONVERSION = YES;
				CLANG_WARN_NON_LITERAL_NULL_CONVERSION = YES;
				CLANG_WARN_OBJC_IMPLICIT_RETAIN_SELF = YES;
				CLANG_WARN_OBJC_LITERAL_CONVERSION = YES;
				CLANG_WARN_OBJC_ROOT_CLASS = YES_ERROR;
				CLANG_WARN_QUOTED_INCLUDE_IN_FRAMEWORK_HEADER = YES;
				CLANG_WARN_RANGE_LOOP_ANALYSIS = YES;
				CLANG_WARN_STRICT_PROTOTYPES = YES;
				CLANG_WARN_SUSPICIOUS_MOVE = YES;
				CLANG_WARN_UNGUARDED_AVAILABILITY = YES_AGGRESSIVE;
				CLANG_WARN_UNREACHABLE_CODE = YES;
				CLANG_WARN__DUPLICATE_METHOD_MATCH = YES;
				COPY_PHASE_STRIP = NO;
				DEBUG_INFORMATION_FORMAT = "dwarf-with-dsym";
				ENABLE_NS_ASSERTIONS = NO;
				ENABLE_STRICT_OBJC_MSGSEND = YES;
				GCC_C_LANGUAGE_STANDARD = gnu11;
				GCC_NO_COMMON_BLOCKS = YES;
				GCC_WARN_64_TO_32_BIT_CONVERSION = YES;
				GCC_WARN_ABOUT_RETURN_TYPE = YES_ERROR;
				GCC_WARN_UNDECLARED_SELECTOR = YES;
				GCC_WARN_UNINITIALIZED_AUTOS = YES_AGGRESSIVE;
				GCC_WARN_UNUSED_FUNCTION = YES;
				GCC_WARN_UNUSED_VARIABLE = YES;
				IPHONEOS_DEPLOYMENT_TARGET = 14.4;
				MTL_ENABLE_DEBUG_INFO = NO;
				MTL_FAST_MATH = YES;
				SDKROOT = iphoneos;
				SWIFT_COMPILATION_MODE = wholemodule;
				SWIFT_OPTIMIZATION_LEVEL = "-O";
				VALIDATE_PRODUCT = YES;
			};
			name = Release;
		};
		917DD92326291AC4006E4B03 /* Debug */ = {
			isa = XCBuildConfiguration;
			baseConfigurationReference = 17AFCDC13C5903FB30D1631E /* Pods-GymMate.debug.xcconfig */;
			buildSettings = {
				ASSETCATALOG_COMPILER_APPICON_NAME = AppIcon;
				ASSETCATALOG_COMPILER_GLOBAL_ACCENT_COLOR_NAME = AccentColor;
				CODE_SIGN_STYLE = Automatic;
				INFOPLIST_FILE = GymMate/Info.plist;
				LD_RUNPATH_SEARCH_PATHS = (
					"$(inherited)",
					"@executable_path/Frameworks",
				);
				PRODUCT_BUNDLE_IDENTIFIER = CodePathTeam.GymMate;
				PRODUCT_NAME = "$(TARGET_NAME)";
				SWIFT_VERSION = 5.0;
				TARGETED_DEVICE_FAMILY = "1,2";
			};
			name = Debug;
		};
		917DD92426291AC4006E4B03 /* Release */ = {
			isa = XCBuildConfiguration;
			baseConfigurationReference = 099B1652CCD85D7A68D91F16 /* Pods-GymMate.release.xcconfig */;
			buildSettings = {
				ASSETCATALOG_COMPILER_APPICON_NAME = AppIcon;
				ASSETCATALOG_COMPILER_GLOBAL_ACCENT_COLOR_NAME = AccentColor;
				CODE_SIGN_STYLE = Automatic;
				INFOPLIST_FILE = GymMate/Info.plist;
				LD_RUNPATH_SEARCH_PATHS = (
					"$(inherited)",
					"@executable_path/Frameworks",
				);
				PRODUCT_BUNDLE_IDENTIFIER = CodePathTeam.GymMate;
				PRODUCT_NAME = "$(TARGET_NAME)";
				SWIFT_VERSION = 5.0;
				TARGETED_DEVICE_FAMILY = "1,2";
			};
			name = Release;
		};
/* End XCBuildConfiguration section */

/* Begin XCConfigurationList section */
		917DD90926291AC2006E4B03 /* Build configuration list for PBXProject "GymMate" */ = {
			isa = XCConfigurationList;
			buildConfigurations = (
				917DD92026291AC4006E4B03 /* Debug */,
				917DD92126291AC4006E4B03 /* Release */,
			);
			defaultConfigurationIsVisible = 0;
			defaultConfigurationName = Release;
		};
		917DD92226291AC4006E4B03 /* Build configuration list for PBXNativeTarget "GymMate" */ = {
			isa = XCConfigurationList;
			buildConfigurations = (
				917DD92326291AC4006E4B03 /* Debug */,
				917DD92426291AC4006E4B03 /* Release */,
			);
			defaultConfigurationIsVisible = 0;
			defaultConfigurationName = Release;
		};
/* End XCConfigurationList section */
	};
	rootObject = 917DD90626291AC2006E4B03 /* Project object */;
}
